
Microsoft Visual Studio Solution File, Format Version 12.00
# Visual Studio 15
VisualStudioVersion = 15.0.28307.102
MinimumVisualStudioVersion = 10.0.40219.1
Project("{2150E333-8FDC-42A3-9474-1A3956D46DE8}") = "Assemblers", "Assemblers", "{F7092E73-AC31-4D0C-ACB7-5A893C6C17CD}"
EndProject
Project("{2150E333-8FDC-42A3-9474-1A3956D46DE8}") = "Architectures", "Architectures", "{7561E5B0-5E5D-4825-B5A0-984B9289EACA}"
EndProject
Project("{2150E333-8FDC-42A3-9474-1A3956D46DE8}") = "Scripts", "Scripts", "{AAF958C8-9168-4E2C-8A7B-93F0A312A571}"
EndProject
Project("{2150E333-8FDC-42A3-9474-1A3956D46DE8}") = "CheatEngine", "CheatEngine", "{29BBF58E-809D-44BC-9EE5-80DF33D1203E}"
EndProject
Project("{2150E333-8FDC-42A3-9474-1A3956D46DE8}") = "X64", "X64", "{3B4DA9FE-B5E1-410C-8DFE-72583345DC71}"
EndProject
Project("{2150E333-8FDC-42A3-9474-1A3956D46DE8}") = "X86", "X86", "{D608F2F5-9BC1-403C-8463-B2C74DD944EA}"
EndProject
Project("{2150E333-8FDC-42A3-9474-1A3956D46DE8}") = "Parser", "Parser", "{45D3D384-3321-4C8D-882F-4066F69696BE}"
EndProject
Project("{2150E333-8FDC-42A3-9474-1A3956D46DE8}") = "Parser", "Parser", "{E7063ACB-0A38-41E4-9887-647A5D0BAAD7}"
EndProject
Project("{2150E333-8FDC-42A3-9474-1A3956D46DE8}") = "Intel", "Intel", "{5EA6F30F-F7E0-4FFE-ABC5-8F350E898D19}"
EndProject
Project("{2150E333-8FDC-42A3-9474-1A3956D46DE8}") = "Intel", "Intel", "{1905CA88-965B-458A-9AE5-ECF855F35994}"
EndProject
Project("{9A19103F-16F7-4668-BE54-9A1E7A4F7556}") = "Basm.Architectures.X86.Parser.Intel", "src\Basm.Architectures.X86.Parser.Intel\Basm.Architectures.X86.Parser.Intel.csproj", "{B87AF555-3C5A-4C61-AF7B-701A756B31E1}"
EndProject
Project("{9A19103F-16F7-4668-BE54-9A1E7A4F7556}") = "Basm.Architectures.X64.Parser.Intel", "src\Basm.Architectures.X64.Parser.Intel\Basm.Architectures.X64.Parser.Intel.csproj", "{64BC1844-B48E-49CE-BF94-7D25F53CEE08}"
EndProject
Project("{9A19103F-16F7-4668-BE54-9A1E7A4F7556}") = "Basm.Scripts.CheatEngine", "src\Basm.Scripts.CheatEngine\Basm.Scripts.CheatEngine.csproj", "{9307889F-FE40-4A98-B77E-FB15391E0D03}"
EndProject
Project("{2150E333-8FDC-42A3-9474-1A3956D46DE8}") = "Tests", "Tests", "{D5A8E110-2406-425B-BFAB-1445C5A21D99}"
EndProject
Project("{2150E333-8FDC-42A3-9474-1A3956D46DE8}") = "Memory", "Memory", "{55C3318D-4904-4792-8DA4-11D6067798CE}"
EndProject
Project("{9A19103F-16F7-4668-BE54-9A1E7A4F7556}") = "Basm.Scripts.CheatEngine.Commands", "src\Basm.Scripts.CheatEngine.Commands\Basm.Scripts.CheatEngine.Commands.csproj", "{6A8199EC-D9F4-409F-A996-E15B92FCE9C3}"
EndProject
Project("{9A19103F-16F7-4668-BE54-9A1E7A4F7556}") = "Basm.Core", "src\Basm.Core\Basm.Core.csproj", "{7FE39F74-2697-41CF-BF4E-F416A224F058}"
EndProject
Project("{2150E333-8FDC-42A3-9474-1A3956D46DE8}") = "Core", "Core", "{48A16576-4E0F-46A6-B37E-55ABCA183607}"
EndProject
Project("{FAE04EC0-301F-11D3-BF4B-00C04F79EFBC}") = "MemorySharp", "src\MemorySharp\MemorySharp.csproj", "{78A6F97D-5CA8-4E92-8E17-2545983C9555}"
EndProject
Project("{9A19103F-16F7-4668-BE54-9A1E7A4F7556}") = "Basm.Architectures.X86.Tests", "tests\Basm.Architectures.X86.Tests\Basm.Architectures.X86.Tests.csproj", "{3E16D7BE-712F-46A3-8D8F-C8F53C6C5441}"
EndProject
Project("{9A19103F-16F7-4668-BE54-9A1E7A4F7556}") = "Basm.Architectures.X64.Tests", "tests\Basm.Architectures.X64.Tests\Basm.Architectures.X64.Tests.csproj", "{4D391834-8D9B-404A-9FE0-A0F585F33AC7}"
EndProject
Project("{9A19103F-16F7-4668-BE54-9A1E7A4F7556}") = "Basm.CheatEngine.Tests", "tests\Basm.CheatEngine.Tests\Basm.CheatEngine.Tests.csproj", "{6EF6CBC7-E54B-4FE2-8643-37A827B66815}"
EndProject
Project("{2150E333-8FDC-42A3-9474-1A3956D46DE8}") = "Scripting", "Scripting", "{5DE412BE-210A-4F51-83F0-2E37948F7FD8}"
EndProject
Project("{9A19103F-16F7-4668-BE54-9A1E7A4F7556}") = "Basm.Scripting", "src\Basm.Scripting\Basm.Scripting.csproj", "{45BCA858-21C3-4F01-B0C8-F813DA08847D}"
EndProject
Project("{2150E333-8FDC-42A3-9474-1A3956D46DE8}") = "Parser", "Parser", "{6258626E-A211-4961-B288-C0F8F823DB35}"
EndProject
Project("{9A19103F-16F7-4668-BE54-9A1E7A4F7556}") = "Basm.Architectures.Parser", "src\Basm.Architectures.Parser\Basm.Architectures.Parser.csproj", "{62824ECF-4464-401F-B24C-BB035A1F0B56}"
EndProject
Project("{9A19103F-16F7-4668-BE54-9A1E7A4F7556}") = "Basm.Core.Memory", "src\Basm.Core.Memory\Basm.Core.Memory.csproj", "{522DA540-3C18-4347-92F4-0C86C4CDBEE4}"
EndProject
Project("{2150E333-8FDC-42A3-9474-1A3956D46DE8}") = "Engines", "Engines", "{E8A438D3-095C-4DA2-BBC7-F9696B6009A6}"
EndProject
Project("{2150E333-8FDC-42A3-9474-1A3956D46DE8}") = "Keystone", "Keystone", "{C24B5FE5-E175-47D5-BB90-2DD8F2E0D1DD}"
EndProject
Project("{9A19103F-16F7-4668-BE54-9A1E7A4F7556}") = "Basm.Assemblers.Engines.Keystone", "src\Basm.Assemblers.Engines.Keystone\Basm.Assemblers.Engines.Keystone.csproj", "{345DAEF9-E387-41CF-A655-7F6F3D16EB52}"
EndProject
Project("{9A19103F-16F7-4668-BE54-9A1E7A4F7556}") = "Basm.Assemblers.KeystoneAssembler", "src\Basm.Assemblers.KeystoneAssembler\Basm.Assemblers.KeystoneAssembler.csproj", "{62314C29-7F37-46D4-8DAE-F4B718CF5654}"
EndProject
Project("{2150E333-8FDC-42A3-9474-1A3956D46DE8}") = "ARM", "ARM", "{5DA76F26-E5DF-4A5E-9B55-FBB73DC14388}"
EndProject
Project("{2150E333-8FDC-42A3-9474-1A3956D46DE8}") = "ARM64", "ARM64", "{2C89F8FB-A65A-4207-94EB-2DA9EEFD012C}"
EndProject
Project("{2150E333-8FDC-42A3-9474-1A3956D46DE8}") = "Parsers", "Parsers", "{1C614C0D-63EF-4B7B-91A0-DF002D09191A}"
EndProject
Project("{2150E333-8FDC-42A3-9474-1A3956D46DE8}") = "Parsers", "Parsers", "{E0EAB776-D3A2-4036-8805-CCE1BAA2CAB2}"
EndProject
Project("{FAE04EC0-301F-11D3-BF4B-00C04F79EFBC}") = "Basm.Architectures.ARM64.Parser", "src\Basm.Architectures.ARM64.Parser\Basm.Architectures.ARM64.Parser.csproj", "{3706CA87-A245-4EDE-A1BE-CE2DD93BD3A2}"
EndProject
Project("{FAE04EC0-301F-11D3-BF4B-00C04F79EFBC}") = "Basm.Architectures.ARM.Parser", "src\Basm.Architectures.ARM.Parser\Basm.Architectures.ARM.Parser.csproj", "{8322D911-4894-4939-879B-15EEA8565FAA}"
EndProject
Global
	GlobalSection(SolutionConfigurationPlatforms) = preSolution
		Debug|Any CPU = Debug|Any CPU
		Debug|x64 = Debug|x64
		Release|Any CPU = Release|Any CPU
		Release|x64 = Release|x64
	EndGlobalSection
	GlobalSection(ProjectConfigurationPlatforms) = postSolution
		{B87AF555-3C5A-4C61-AF7B-701A756B31E1}.Debug|Any CPU.ActiveCfg = Debug|Any CPU
		{B87AF555-3C5A-4C61-AF7B-701A756B31E1}.Debug|Any CPU.Build.0 = Debug|Any CPU
		{B87AF555-3C5A-4C61-AF7B-701A756B31E1}.Debug|x64.ActiveCfg = Debug|Any CPU
		{B87AF555-3C5A-4C61-AF7B-701A756B31E1}.Debug|x64.Build.0 = Debug|Any CPU
		{B87AF555-3C5A-4C61-AF7B-701A756B31E1}.Release|Any CPU.ActiveCfg = Release|Any CPU
		{B87AF555-3C5A-4C61-AF7B-701A756B31E1}.Release|Any CPU.Build.0 = Release|Any CPU
		{B87AF555-3C5A-4C61-AF7B-701A756B31E1}.Release|x64.ActiveCfg = Release|Any CPU
		{B87AF555-3C5A-4C61-AF7B-701A756B31E1}.Release|x64.Build.0 = Release|Any CPU
		{64BC1844-B48E-49CE-BF94-7D25F53CEE08}.Debug|Any CPU.ActiveCfg = Debug|Any CPU
		{64BC1844-B48E-49CE-BF94-7D25F53CEE08}.Debug|Any CPU.Build.0 = Debug|Any CPU
		{64BC1844-B48E-49CE-BF94-7D25F53CEE08}.Debug|x64.ActiveCfg = Debug|Any CPU
		{64BC1844-B48E-49CE-BF94-7D25F53CEE08}.Debug|x64.Build.0 = Debug|Any CPU
		{64BC1844-B48E-49CE-BF94-7D25F53CEE08}.Release|Any CPU.ActiveCfg = Release|Any CPU
		{64BC1844-B48E-49CE-BF94-7D25F53CEE08}.Release|Any CPU.Build.0 = Release|Any CPU
		{64BC1844-B48E-49CE-BF94-7D25F53CEE08}.Release|x64.ActiveCfg = Release|Any CPU
		{64BC1844-B48E-49CE-BF94-7D25F53CEE08}.Release|x64.Build.0 = Release|Any CPU
		{9307889F-FE40-4A98-B77E-FB15391E0D03}.Debug|Any CPU.ActiveCfg = Debug|Any CPU
		{9307889F-FE40-4A98-B77E-FB15391E0D03}.Debug|Any CPU.Build.0 = Debug|Any CPU
		{9307889F-FE40-4A98-B77E-FB15391E0D03}.Debug|x64.ActiveCfg = Debug|Any CPU
		{9307889F-FE40-4A98-B77E-FB15391E0D03}.Debug|x64.Build.0 = Debug|Any CPU
		{9307889F-FE40-4A98-B77E-FB15391E0D03}.Release|Any CPU.ActiveCfg = Release|Any CPU
		{9307889F-FE40-4A98-B77E-FB15391E0D03}.Release|Any CPU.Build.0 = Release|Any CPU
		{9307889F-FE40-4A98-B77E-FB15391E0D03}.Release|x64.ActiveCfg = Release|Any CPU
		{9307889F-FE40-4A98-B77E-FB15391E0D03}.Release|x64.Build.0 = Release|Any CPU
		{6A8199EC-D9F4-409F-A996-E15B92FCE9C3}.Debug|Any CPU.ActiveCfg = Debug|Any CPU
		{6A8199EC-D9F4-409F-A996-E15B92FCE9C3}.Debug|Any CPU.Build.0 = Debug|Any CPU
		{6A8199EC-D9F4-409F-A996-E15B92FCE9C3}.Debug|x64.ActiveCfg = Debug|Any CPU
		{6A8199EC-D9F4-409F-A996-E15B92FCE9C3}.Debug|x64.Build.0 = Debug|Any CPU
		{6A8199EC-D9F4-409F-A996-E15B92FCE9C3}.Release|Any CPU.ActiveCfg = Release|Any CPU
		{6A8199EC-D9F4-409F-A996-E15B92FCE9C3}.Release|Any CPU.Build.0 = Release|Any CPU
		{6A8199EC-D9F4-409F-A996-E15B92FCE9C3}.Release|x64.ActiveCfg = Release|Any CPU
		{6A8199EC-D9F4-409F-A996-E15B92FCE9C3}.Release|x64.Build.0 = Release|Any CPU
		{7FE39F74-2697-41CF-BF4E-F416A224F058}.Debug|Any CPU.ActiveCfg = Debug|Any CPU
		{7FE39F74-2697-41CF-BF4E-F416A224F058}.Debug|Any CPU.Build.0 = Debug|Any CPU
		{7FE39F74-2697-41CF-BF4E-F416A224F058}.Debug|x64.ActiveCfg = Debug|Any CPU
		{7FE39F74-2697-41CF-BF4E-F416A224F058}.Debug|x64.Build.0 = Debug|Any CPU
		{7FE39F74-2697-41CF-BF4E-F416A224F058}.Release|Any CPU.ActiveCfg = Release|Any CPU
		{7FE39F74-2697-41CF-BF4E-F416A224F058}.Release|Any CPU.Build.0 = Release|Any CPU
		{7FE39F74-2697-41CF-BF4E-F416A224F058}.Release|x64.ActiveCfg = Release|Any CPU
		{7FE39F74-2697-41CF-BF4E-F416A224F058}.Release|x64.Build.0 = Release|Any CPU
		{78A6F97D-5CA8-4E92-8E17-2545983C9555}.Debug|Any CPU.ActiveCfg = Debug|Any CPU
		{78A6F97D-5CA8-4E92-8E17-2545983C9555}.Debug|Any CPU.Build.0 = Debug|Any CPU
		{78A6F97D-5CA8-4E92-8E17-2545983C9555}.Debug|x64.ActiveCfg = Debug|x64
		{78A6F97D-5CA8-4E92-8E17-2545983C9555}.Debug|x64.Build.0 = Debug|x64
		{78A6F97D-5CA8-4E92-8E17-2545983C9555}.Release|Any CPU.ActiveCfg = Release|Any CPU
		{78A6F97D-5CA8-4E92-8E17-2545983C9555}.Release|Any CPU.Build.0 = Release|Any CPU
		{78A6F97D-5CA8-4E92-8E17-2545983C9555}.Release|x64.ActiveCfg = Release|x64
		{78A6F97D-5CA8-4E92-8E17-2545983C9555}.Release|x64.Build.0 = Release|x64
		{3E16D7BE-712F-46A3-8D8F-C8F53C6C5441}.Debug|Any CPU.ActiveCfg = Debug|Any CPU
		{3E16D7BE-712F-46A3-8D8F-C8F53C6C5441}.Debug|Any CPU.Build.0 = Debug|Any CPU
		{3E16D7BE-712F-46A3-8D8F-C8F53C6C5441}.Debug|x64.ActiveCfg = Debug|Any CPU
		{3E16D7BE-712F-46A3-8D8F-C8F53C6C5441}.Debug|x64.Build.0 = Debug|Any CPU
		{3E16D7BE-712F-46A3-8D8F-C8F53C6C5441}.Release|Any CPU.ActiveCfg = Release|Any CPU
		{3E16D7BE-712F-46A3-8D8F-C8F53C6C5441}.Release|Any CPU.Build.0 = Release|Any CPU
		{3E16D7BE-712F-46A3-8D8F-C8F53C6C5441}.Release|x64.ActiveCfg = Release|Any CPU
		{3E16D7BE-712F-46A3-8D8F-C8F53C6C5441}.Release|x64.Build.0 = Release|Any CPU
		{4D391834-8D9B-404A-9FE0-A0F585F33AC7}.Debug|Any CPU.ActiveCfg = Debug|Any CPU
		{4D391834-8D9B-404A-9FE0-A0F585F33AC7}.Debug|Any CPU.Build.0 = Debug|Any CPU
		{4D391834-8D9B-404A-9FE0-A0F585F33AC7}.Debug|x64.ActiveCfg = Debug|Any CPU
		{4D391834-8D9B-404A-9FE0-A0F585F33AC7}.Debug|x64.Build.0 = Debug|Any CPU
		{4D391834-8D9B-404A-9FE0-A0F585F33AC7}.Release|Any CPU.ActiveCfg = Release|Any CPU
		{4D391834-8D9B-404A-9FE0-A0F585F33AC7}.Release|Any CPU.Build.0 = Release|Any CPU
		{4D391834-8D9B-404A-9FE0-A0F585F33AC7}.Release|x64.ActiveCfg = Release|Any CPU
		{4D391834-8D9B-404A-9FE0-A0F585F33AC7}.Release|x64.Build.0 = Release|Any CPU
		{6EF6CBC7-E54B-4FE2-8643-37A827B66815}.Debug|Any CPU.ActiveCfg = Debug|Any CPU
		{6EF6CBC7-E54B-4FE2-8643-37A827B66815}.Debug|Any CPU.Build.0 = Debug|Any CPU
		{6EF6CBC7-E54B-4FE2-8643-37A827B66815}.Debug|x64.ActiveCfg = Debug|Any CPU
		{6EF6CBC7-E54B-4FE2-8643-37A827B66815}.Debug|x64.Build.0 = Debug|Any CPU
		{6EF6CBC7-E54B-4FE2-8643-37A827B66815}.Release|Any CPU.ActiveCfg = Release|Any CPU
		{6EF6CBC7-E54B-4FE2-8643-37A827B66815}.Release|Any CPU.Build.0 = Release|Any CPU
		{6EF6CBC7-E54B-4FE2-8643-37A827B66815}.Release|x64.ActiveCfg = Release|Any CPU
		{6EF6CBC7-E54B-4FE2-8643-37A827B66815}.Release|x64.Build.0 = Release|Any CPU
		{45BCA858-21C3-4F01-B0C8-F813DA08847D}.Debug|Any CPU.ActiveCfg = Debug|Any CPU
		{45BCA858-21C3-4F01-B0C8-F813DA08847D}.Debug|Any CPU.Build.0 = Debug|Any CPU
		{45BCA858-21C3-4F01-B0C8-F813DA08847D}.Debug|x64.ActiveCfg = Debug|Any CPU
		{45BCA858-21C3-4F01-B0C8-F813DA08847D}.Debug|x64.Build.0 = Debug|Any CPU
		{45BCA858-21C3-4F01-B0C8-F813DA08847D}.Release|Any CPU.ActiveCfg = Release|Any CPU
		{45BCA858-21C3-4F01-B0C8-F813DA08847D}.Release|Any CPU.Build.0 = Release|Any CPU
		{45BCA858-21C3-4F01-B0C8-F813DA08847D}.Release|x64.ActiveCfg = Release|Any CPU
		{45BCA858-21C3-4F01-B0C8-F813DA08847D}.Release|x64.Build.0 = Release|Any CPU
		{62824ECF-4464-401F-B24C-BB035A1F0B56}.Debug|Any CPU.ActiveCfg = Debug|Any CPU
		{62824ECF-4464-401F-B24C-BB035A1F0B56}.Debug|Any CPU.Build.0 = Debug|Any CPU
		{62824ECF-4464-401F-B24C-BB035A1F0B56}.Debug|x64.ActiveCfg = Debug|Any CPU
		{62824ECF-4464-401F-B24C-BB035A1F0B56}.Debug|x64.Build.0 = Debug|Any CPU
		{62824ECF-4464-401F-B24C-BB035A1F0B56}.Release|Any CPU.ActiveCfg = Release|Any CPU
		{62824ECF-4464-401F-B24C-BB035A1F0B56}.Release|Any CPU.Build.0 = Release|Any CPU
		{62824ECF-4464-401F-B24C-BB035A1F0B56}.Release|x64.ActiveCfg = Release|Any CPU
		{62824ECF-4464-401F-B24C-BB035A1F0B56}.Release|x64.Build.0 = Release|Any CPU
		{522DA540-3C18-4347-92F4-0C86C4CDBEE4}.Debug|Any CPU.ActiveCfg = Debug|Any CPU
		{522DA540-3C18-4347-92F4-0C86C4CDBEE4}.Debug|Any CPU.Build.0 = Debug|Any CPU
		{522DA540-3C18-4347-92F4-0C86C4CDBEE4}.Debug|x64.ActiveCfg = Debug|Any CPU
		{522DA540-3C18-4347-92F4-0C86C4CDBEE4}.Debug|x64.Build.0 = Debug|Any CPU
		{522DA540-3C18-4347-92F4-0C86C4CDBEE4}.Release|Any CPU.ActiveCfg = Release|Any CPU
		{522DA540-3C18-4347-92F4-0C86C4CDBEE4}.Release|Any CPU.Build.0 = Release|Any CPU
		{522DA540-3C18-4347-92F4-0C86C4CDBEE4}.Release|x64.ActiveCfg = Release|Any CPU
		{522DA540-3C18-4347-92F4-0C86C4CDBEE4}.Release|x64.Build.0 = Release|Any CPU
		{345DAEF9-E387-41CF-A655-7F6F3D16EB52}.Debug|Any CPU.ActiveCfg = Debug|Any CPU
		{345DAEF9-E387-41CF-A655-7F6F3D16EB52}.Debug|Any CPU.Build.0 = Debug|Any CPU
		{345DAEF9-E387-41CF-A655-7F6F3D16EB52}.Debug|x64.ActiveCfg = Debug|Any CPU
		{345DAEF9-E387-41CF-A655-7F6F3D16EB52}.Debug|x64.Build.0 = Debug|Any CPU
		{345DAEF9-E387-41CF-A655-7F6F3D16EB52}.Release|Any CPU.ActiveCfg = Release|Any CPU
		{345DAEF9-E387-41CF-A655-7F6F3D16EB52}.Release|Any CPU.Build.0 = Release|Any CPU
		{345DAEF9-E387-41CF-A655-7F6F3D16EB52}.Release|x64.ActiveCfg = Release|Any CPU
		{345DAEF9-E387-41CF-A655-7F6F3D16EB52}.Release|x64.Build.0 = Release|Any CPU
		{62314C29-7F37-46D4-8DAE-F4B718CF5654}.Debug|Any CPU.ActiveCfg = Debug|Any CPU
		{62314C29-7F37-46D4-8DAE-F4B718CF5654}.Debug|Any CPU.Build.0 = Debug|Any CPU
		{62314C29-7F37-46D4-8DAE-F4B718CF5654}.Debug|x64.ActiveCfg = Debug|Any CPU
		{62314C29-7F37-46D4-8DAE-F4B718CF5654}.Debug|x64.Build.0 = Debug|Any CPU
		{62314C29-7F37-46D4-8DAE-F4B718CF5654}.Release|Any CPU.ActiveCfg = Release|Any CPU
		{62314C29-7F37-46D4-8DAE-F4B718CF5654}.Release|Any CPU.Build.0 = Release|Any CPU
		{62314C29-7F37-46D4-8DAE-F4B718CF5654}.Release|x64.ActiveCfg = Release|Any CPU
		{62314C29-7F37-46D4-8DAE-F4B718CF5654}.Release|x64.Build.0 = Release|Any CPU
		{3706CA87-A245-4EDE-A1BE-CE2DD93BD3A2}.Debug|Any CPU.ActiveCfg = Debug|Any CPU
		{3706CA87-A245-4EDE-A1BE-CE2DD93BD3A2}.Debug|Any CPU.Build.0 = Debug|Any CPU
		{3706CA87-A245-4EDE-A1BE-CE2DD93BD3A2}.Debug|x64.ActiveCfg = Debug|Any CPU
		{3706CA87-A245-4EDE-A1BE-CE2DD93BD3A2}.Debug|x64.Build.0 = Debug|Any CPU
		{3706CA87-A245-4EDE-A1BE-CE2DD93BD3A2}.Release|Any CPU.ActiveCfg = Release|Any CPU
		{3706CA87-A245-4EDE-A1BE-CE2DD93BD3A2}.Release|Any CPU.Build.0 = Release|Any CPU
		{3706CA87-A245-4EDE-A1BE-CE2DD93BD3A2}.Release|x64.ActiveCfg = Release|Any CPU
		{3706CA87-A245-4EDE-A1BE-CE2DD93BD3A2}.Release|x64.Build.0 = Release|Any CPU
		{8322D911-4894-4939-879B-15EEA8565FAA}.Debug|Any CPU.ActiveCfg = Debug|Any CPU
		{8322D911-4894-4939-879B-15EEA8565FAA}.Debug|Any CPU.Build.0 = Debug|Any CPU
		{8322D911-4894-4939-879B-15EEA8565FAA}.Debug|x64.ActiveCfg = Debug|Any CPU
		{8322D911-4894-4939-879B-15EEA8565FAA}.Debug|x64.Build.0 = Debug|Any CPU
		{8322D911-4894-4939-879B-15EEA8565FAA}.Release|Any CPU.ActiveCfg = Release|Any CPU
		{8322D911-4894-4939-879B-15EEA8565FAA}.Release|Any CPU.Build.0 = Release|Any CPU
		{8322D911-4894-4939-879B-15EEA8565FAA}.Release|x64.ActiveCfg = Release|Any CPU
		{8322D911-4894-4939-879B-15EEA8565FAA}.Release|x64.Build.0 = Release|Any CPU
	EndGlobalSection
	GlobalSection(SolutionProperties) = preSolution
		HideSolutionNode = FALSE
	EndGlobalSection
	GlobalSection(NestedProjects) = preSolution
		{29BBF58E-809D-44BC-9EE5-80DF33D1203E} = {AAF958C8-9168-4E2C-8A7B-93F0A312A571}
		{3B4DA9FE-B5E1-410C-8DFE-72583345DC71} = {7561E5B0-5E5D-4825-B5A0-984B9289EACA}
		{D608F2F5-9BC1-403C-8463-B2C74DD944EA} = {7561E5B0-5E5D-4825-B5A0-984B9289EACA}
		{45D3D384-3321-4C8D-882F-4066F69696BE} = {3B4DA9FE-B5E1-410C-8DFE-72583345DC71}
		{E7063ACB-0A38-41E4-9887-647A5D0BAAD7} = {D608F2F5-9BC1-403C-8463-B2C74DD944EA}
		{5EA6F30F-F7E0-4FFE-ABC5-8F350E898D19} = {45D3D384-3321-4C8D-882F-4066F69696BE}
		{1905CA88-965B-458A-9AE5-ECF855F35994} = {E7063ACB-0A38-41E4-9887-647A5D0BAAD7}
		{B87AF555-3C5A-4C61-AF7B-701A756B31E1} = {1905CA88-965B-458A-9AE5-ECF855F35994}
		{64BC1844-B48E-49CE-BF94-7D25F53CEE08} = {5EA6F30F-F7E0-4FFE-ABC5-8F350E898D19}
		{9307889F-FE40-4A98-B77E-FB15391E0D03} = {29BBF58E-809D-44BC-9EE5-80DF33D1203E}
		{6A8199EC-D9F4-409F-A996-E15B92FCE9C3} = {29BBF58E-809D-44BC-9EE5-80DF33D1203E}
		{7FE39F74-2697-41CF-BF4E-F416A224F058} = {48A16576-4E0F-46A6-B37E-55ABCA183607}
		{78A6F97D-5CA8-4E92-8E17-2545983C9555} = {55C3318D-4904-4792-8DA4-11D6067798CE}
		{3E16D7BE-712F-46A3-8D8F-C8F53C6C5441} = {D5A8E110-2406-425B-BFAB-1445C5A21D99}
		{4D391834-8D9B-404A-9FE0-A0F585F33AC7} = {D5A8E110-2406-425B-BFAB-1445C5A21D99}
		{6EF6CBC7-E54B-4FE2-8643-37A827B66815} = {D5A8E110-2406-425B-BFAB-1445C5A21D99}
		{45BCA858-21C3-4F01-B0C8-F813DA08847D} = {5DE412BE-210A-4F51-83F0-2E37948F7FD8}
		{6258626E-A211-4961-B288-C0F8F823DB35} = {7561E5B0-5E5D-4825-B5A0-984B9289EACA}
		{62824ECF-4464-401F-B24C-BB035A1F0B56} = {6258626E-A211-4961-B288-C0F8F823DB35}
		{522DA540-3C18-4347-92F4-0C86C4CDBEE4} = {55C3318D-4904-4792-8DA4-11D6067798CE}
		{E8A438D3-095C-4DA2-BBC7-F9696B6009A6} = {F7092E73-AC31-4D0C-ACB7-5A893C6C17CD}
		{C24B5FE5-E175-47D5-BB90-2DD8F2E0D1DD} = {E8A438D3-095C-4DA2-BBC7-F9696B6009A6}
		{345DAEF9-E387-41CF-A655-7F6F3D16EB52} = {C24B5FE5-E175-47D5-BB90-2DD8F2E0D1DD}
		{62314C29-7F37-46D4-8DAE-F4B718CF5654} = {F7092E73-AC31-4D0C-ACB7-5A893C6C17CD}
		{5DA76F26-E5DF-4A5E-9B55-FBB73DC14388} = {7561E5B0-5E5D-4825-B5A0-984B9289EACA}
		{2C89F8FB-A65A-4207-94EB-2DA9EEFD012C} = {7561E5B0-5E5D-4825-B5A0-984B9289EACA}
		{1C614C0D-63EF-4B7B-91A0-DF002D09191A} = {5DA76F26-E5DF-4A5E-9B55-FBB73DC14388}
		{E0EAB776-D3A2-4036-8805-CCE1BAA2CAB2} = {2C89F8FB-A65A-4207-94EB-2DA9EEFD012C}
		{3706CA87-A245-4EDE-A1BE-CE2DD93BD3A2} = {E0EAB776-D3A2-4036-8805-CCE1BAA2CAB2}
		{8322D911-4894-4939-879B-15EEA8565FAA} = {1C614C0D-63EF-4B7B-91A0-DF002D09191A}
	EndGlobalSection
	GlobalSection(ExtensibilityGlobals) = postSolution
		SolutionGuid = {B9F10C80-EBAE-4763-93E7-731DB1470676}
	EndGlobalSection
EndGlobal
